// !$*UTF8*$!
{
	archiveVersion = 1;
	classes = {
	};
	objectVersion = 55;
	objects = {

/* Begin PBXBuildFile section */
		ADEB3D6527B62E6C00C49B81 /* AppDelegate.swift in Sources */ = {isa = PBXBuildFile; fileRef = ADEB3D6427B62E6C00C49B81 /* AppDelegate.swift */; };
		ADEB3D6727B62E6C00C49B81 /* SceneDelegate.swift in Sources */ = {isa = PBXBuildFile; fileRef = ADEB3D6627B62E6C00C49B81 /* SceneDelegate.swift */; };
		ADEB3D6927B62E6C00C49B81 /* ViewController.swift in Sources */ = {isa = PBXBuildFile; fileRef = ADEB3D6827B62E6C00C49B81 /* ViewController.swift */; };
		ADEB3D6C27B62E6C00C49B81 /* Main.storyboard in Resources */ = {isa = PBXBuildFile; fileRef = ADEB3D6A27B62E6C00C49B81 /* Main.storyboard */; };
		ADEB3D6E27B62E6D00C49B81 /* Assets.xcassets in Resources */ = {isa = PBXBuildFile; fileRef = ADEB3D6D27B62E6D00C49B81 /* Assets.xcassets */; };
		ADEB3D7127B62E6D00C49B81 /* LaunchScreen.storyboard in Resources */ = {isa = PBXBuildFile; fileRef = ADEB3D6F27B62E6D00C49B81 /* LaunchScreen.storyboard */; };
		ADEB3D7C27B62E6E00C49B81 /* Project1Tests.swift in Sources */ = {isa = PBXBuildFile; fileRef = ADEB3D7B27B62E6E00C49B81 /* Project1Tests.swift */; };
		ADEB3D8627B62E6E00C49B81 /* Project1UITests.swift in Sources */ = {isa = PBXBuildFile; fileRef = ADEB3D8527B62E6E00C49B81 /* Project1UITests.swift */; };
		ADEB3D8827B62E6E00C49B81 /* Project1UITestsLaunchTests.swift in Sources */ = {isa = PBXBuildFile; fileRef = ADEB3D8727B62E6E00C49B81 /* Project1UITestsLaunchTests.swift */; };
/* End PBXBuildFile section */

/* Begin PBXContainerItemProxy section */
		ADEB3D7827B62E6E00C49B81 /* PBXContainerItemProxy */ = {
			isa = PBXContainerItemProxy;
			containerPortal = ADEB3D5927B62E6C00C49B81 /* Project object */;
			proxyType = 1;
			remoteGlobalIDString = ADEB3D6027B62E6C00C49B81;
			remoteInfo = Project1;
		};
		ADEB3D8227B62E6E00C49B81 /* PBXContainerItemProxy */ = {
			isa = PBXContainerItemProxy;
			containerPortal = ADEB3D5927B62E6C00C49B81 /* Project object */;
			proxyType = 1;
			remoteGlobalIDString = ADEB3D6027B62E6C00C49B81;
			remoteInfo = Project1;
		};
/* End PBXContainerItemProxy section */

/* Begin PBXFileReference section */
		ADEB3D6127B62E6C00C49B81 /* Project1.app */ = {isa = PBXFileReference; explicitFileType = wrapper.application; includeInIndex = 0; path = Project1.app; sourceTree = BUILT_PRODUCTS_DIR; };
		ADEB3D6427B62E6C00C49B81 /* AppDelegate.swift */ = {isa = PBXFileReference; lastKnownFileType = sourcecode.swift; path = AppDelegate.swift; sourceTree = "<group>"; };
		ADEB3D6627B62E6C00C49B81 /* SceneDelegate.swift */ = {isa = PBXFileReference; lastKnownFileType = sourcecode.swift; path = SceneDelegate.swift; sourceTree = "<group>"; };
		ADEB3D6827B62E6C00C49B81 /* ViewController.swift */ = {isa = PBXFileReference; lastKnownFileType = sourcecode.swift; path = ViewController.swift; sourceTree = "<group>"; };
		ADEB3D6B27B62E6C00C49B81 /* Base */ = {isa = PBXFileReference; lastKnownFileType = file.storyboard; name = Base; path = Base.lproj/Main.storyboard; sourceTree = "<group>"; };
		ADEB3D6D27B62E6D00C49B81 /* Assets.xcassets */ = {isa = PBXFileReference; lastKnownFileType = folder.assetcatalog; path = Assets.xcassets; sourceTree = "<group>"; };
		ADEB3D7027B62E6D00C49B81 /* Base */ = {isa = PBXFileReference; lastKnownFileType = file.storyboard; name = Base; path = Base.lproj/LaunchScreen.storyboard; sourceTree = "<group>"; };
		ADEB3D7227B62E6D00C49B81 /* Info.plist */ = {isa = PBXFileReference; lastKnownFileType = text.plist.xml; path = Info.plist; sourceTree = "<group>"; };
		ADEB3D7727B62E6E00C49B81 /* Project1Tests.xctest */ = {isa = PBXFileReference; explicitFileType = wrapper.cfbundle; includeInIndex = 0; path = Project1Tests.xctest; sourceTree = BUILT_PRODUCTS_DIR; };
		ADEB3D7B27B62E6E00C49B81 /* Project1Tests.swift */ = {isa = PBXFileReference; lastKnownFileType = sourcecode.swift; path = Project1Tests.swift; sourceTree = "<group>"; };
		ADEB3D8127B62E6E00C49B81 /* Project1UITests.xctest */ = {isa = PBXFileReference; explicitFileType = wrapper.cfbundle; includeInIndex = 0; path = Project1UITests.xctest; sourceTree = BUILT_PRODUCTS_DIR; };
		ADEB3D8527B62E6E00C49B81 /* Project1UITests.swift */ = {isa = PBXFileReference; lastKnownFileType = sourcecode.swift; path = Project1UITests.swift; sourceTree = "<group>"; };
		ADEB3D8727B62E6E00C49B81 /* Project1UITestsLaunchTests.swift */ = {isa = PBXFileReference; lastKnownFileType = sourcecode.swift; path = Project1UITestsLaunchTests.swift; sourceTree = "<group>"; };
/* End PBXFileReference section */

/* Begin PBXFrameworksBuildPhase section */
		ADEB3D5E27B62E6C00C49B81 /* Frameworks */ = {
			isa = PBXFrameworksBuildPhase;
			buildActionMask = 2147483647;
			files = (
			);
			runOnlyForDeploymentPostprocessing = 0;
		};
		ADEB3D7427B62E6E00C49B81 /* Frameworks */ = {
			isa = PBXFrameworksBuildPhase;
			buildActionMask = 2147483647;
			files = (
			);
			runOnlyForDeploymentPostprocessing = 0;
		};
		ADEB3D7E27B62E6E00C49B81 /* Frameworks */ = {
			isa = PBXFrameworksBuildPhase;
			buildActionMask = 2147483647;
			files = (
			);
			runOnlyForDeploymentPostprocessing = 0;
		};
/* End PBXFrameworksBuildPhase section */

/* Begin PBXGroup section */
		ADEB3D5827B62E6C00C49B81 = {
			isa = PBXGroup;
			children = (
				ADEB3D6327B62E6C00C49B81 /* Project1 */,
				ADEB3D7A27B62E6E00C49B81 /* Project1Tests */,
				ADEB3D8427B62E6E00C49B81 /* Project1UITests */,
				ADEB3D6227B62E6C00C49B81 /* Products */,
			);
			sourceTree = "<group>";
		};
		ADEB3D6227B62E6C00C49B81 /* Products */ = {
			isa = PBXGroup;
			children = (
				ADEB3D6127B62E6C00C49B81 /* Project1.app */,
				ADEB3D7727B62E6E00C49B81 /* Project1Tests.xctest */,
				ADEB3D8127B62E6E00C49B81 /* Project1UITests.xctest */,
			);
			name = Products;
			sourceTree = "<group>";
		};
		ADEB3D6327B62E6C00C49B81 /* Project1 */ = {
			isa = PBXGroup;
			children = (
				ADEB3D6427B62E6C00C49B81 /* AppDelegate.swift */,
				ADEB3D6627B62E6C00C49B81 /* SceneDelegate.swift */,
				ADEB3D6827B62E6C00C49B81 /* ViewController.swift */,
				ADEB3D6A27B62E6C00C49B81 /* Main.storyboard */,
				ADEB3D6D27B62E6D00C49B81 /* Assets.xcassets */,
				ADEB3D6F27B62E6D00C49B81 /* LaunchScreen.storyboard */,
				ADEB3D7227B62E6D00C49B81 /* Info.plist */,
			);
			path = Project1;
			sourceTree = "<group>";
		};
		ADEB3D7A27B62E6E00C49B81 /* Project1Tests */ = {
			isa = PBXGroup;
			children = (
				ADEB3D7B27B62E6E00C49B81 /* Project1Tests.swift */,
			);
			path = Project1Tests;
			sourceTree = "<group>";
		};
		ADEB3D8427B62E6E00C49B81 /* Project1UITests */ = {
			isa = PBXGroup;
			children = (
				ADEB3D8527B62E6E00C49B81 /* Project1UITests.swift */,
				ADEB3D8727B62E6E00C49B81 /* Project1UITestsLaunchTests.swift */,
			);
			path = Project1UITests;
			sourceTree = "<group>";
		};
/* End PBXGroup section */

/* Begin PBXNativeTarget section */
		ADEB3D6027B62E6C00C49B81 /* Project1 */ = {
			isa = PBXNativeTarget;
			buildConfigurationList = ADEB3D8B27B62E6E00C49B81 /* Build configuration list for PBXNativeTarget "Project1" */;
			buildPhases = (
				ADEB3D5D27B62E6C00C49B81 /* Sources */,
				ADEB3D5E27B62E6C00C49B81 /* Frameworks */,
				ADEB3D5F27B62E6C00C49B81 /* Resources */,
			);
			buildRules = (
			);
			dependencies = (
			);
			name = Project1;
			productName = Project1;
			productReference = ADEB3D6127B62E6C00C49B81 /* Project1.app */;
			productType = "com.apple.product-type.application";
		};
		ADEB3D7627B62E6E00C49B81 /* Project1Tests */ = {
			isa = PBXNativeTarget;
			buildConfigurationList = ADEB3D8E27B62E6E00C49B81 /* Build configuration list for PBXNativeTarget "Project1Tests" */;
			buildPhases = (
				ADEB3D7327B62E6E00C49B81 /* Sources */,
				ADEB3D7427B62E6E00C49B81 /* Frameworks */,
				ADEB3D7527B62E6E00C49B81 /* Resources */,
			);
			buildRules = (
			);
			dependencies = (
				ADEB3D7927B62E6E00C49B81 /* PBXTargetDependency */,
			);
			name = Project1Tests;
			productName = Project1Tests;
			productReference = ADEB3D7727B62E6E00C49B81 /* Project1Tests.xctest */;
			productType = "com.apple.product-type.bundle.unit-test";
		};
		ADEB3D8027B62E6E00C49B81 /* Project1UITests */ = {
			isa = PBXNativeTarget;
			buildConfigurationList = ADEB3D9127B62E6E00C49B81 /* Build configuration list for PBXNativeTarget "Project1UITests" */;
			buildPhases = (
				ADEB3D7D27B62E6E00C49B81 /* Sources */,
				ADEB3D7E27B62E6E00C49B81 /* Frameworks */,
				ADEB3D7F27B62E6E00C49B81 /* Resources */,
			);
			buildRules = (
			);
			dependencies = (
				ADEB3D8327B62E6E00C49B81 /* PBXTargetDependency */,
			);
			name = Project1UITests;
			productName = Project1UITests;
			productReference = ADEB3D8127B62E6E00C49B81 /* Project1UITests.xctest */;
			productType = "com.apple.product-type.bundle.ui-testing";
		};
/* End PBXNativeTarget section */

/* Begin PBXProject section */
		ADEB3D5927B62E6C00C49B81 /* Project object */ = {
			isa = PBXProject;
			attributes = {
				BuildIndependentTargetsInParallel = 1;
				LastSwiftUpdateCheck = 1320;
				LastUpgradeCheck = 1320;
				TargetAttributes = {
					ADEB3D6027B62E6C00C49B81 = {
						CreatedOnToolsVersion = 13.2.1;
					};
					ADEB3D7627B62E6E00C49B81 = {
						CreatedOnToolsVersion = 13.2.1;
						TestTargetID = ADEB3D6027B62E6C00C49B81;
					};
					ADEB3D8027B62E6E00C49B81 = {
						CreatedOnToolsVersion = 13.2.1;
						TestTargetID = ADEB3D6027B62E6C00C49B81;
					};
				};
			};
			buildConfigurationList = ADEB3D5C27B62E6C00C49B81 /* Build configuration list for PBXProject "Project1" */;
			compatibilityVersion = "Xcode 13.0";
			developmentRegion = en;
			hasScannedForEncodings = 0;
			knownRegions = (
				en,
				Base,
			);
			mainGroup = ADEB3D5827B62E6C00C49B81;
			productRefGroup = ADEB3D6227B62E6C00C49B81 /* Products */;
			projectDirPath = "";
			projectRoot = "";
			targets = (
				ADEB3D6027B62E6C00C49B81 /* Project1 */,
				ADEB3D7627B62E6E00C49B81 /* Project1Tests */,
				ADEB3D8027B62E6E00C49B81 /* Project1UITests */,
			);
		};
/* End PBXProject section */

/* Begin PBXResourcesBuildPhase section */
		ADEB3D5F27B62E6C00C49B81 /* Resources */ = {
			isa = PBXResourcesBuildPhase;
			buildActionMask = 2147483647;
			files = (
				ADEB3D7127B62E6D00C49B81 /* LaunchScreen.storyboard in Resources */,
				ADEB3D6E27B62E6D00C49B81 /* Assets.xcassets in Resources */,
				ADEB3D6C27B62E6C00C49B81 /* Main.storyboard in Resources */,
			);
			runOnlyForDeploymentPostprocessing = 0;
		};
		ADEB3D7527B62E6E00C49B81 /* Resources */ = {
			isa = PBXResourcesBuildPhase;
			buildActionMask = 2147483647;
			files = (
			);
			runOnlyForDeploymentPostprocessing = 0;
		};
		ADEB3D7F27B62E6E00C49B81 /* Resources */ = {
			isa = PBXResourcesBuildPhase;
			buildActionMask = 2147483647;
			files = (
			);
			runOnlyForDeploymentPostprocessing = 0;
		};
/* End PBXResourcesBuildPhase section */

/* Begin PBXSourcesBuildPhase section */
		ADEB3D5D27B62E6C00C49B81 /* Sources */ = {
			isa = PBXSourcesBuildPhase;
			buildActionMask = 2147483647;
			files = (
				ADEB3D6927B62E6C00C49B81 /* ViewController.swift in Sources */,
				ADEB3D6527B62E6C00C49B81 /* AppDelegate.swift in Sources */,
				ADEB3D6727B62E6C00C49B81 /* SceneDelegate.swift in Sources */,
			);
			runOnlyForDeploymentPostprocessing = 0;
		};
		ADEB3D7327B62E6E00C49B81 /* Sources */ = {
			isa = PBXSourcesBuildPhase;
			buildActionMask = 2147483647;
			files = (
				ADEB3D7C27B62E6E00C49B81 /* Project1Tests.swift in Sources */,
			);
			runOnlyForDeploymentPostprocessing = 0;
		};
		ADEB3D7D27B62E6E00C49B81 /* Sources */ = {
			isa = PBXSourcesBuildPhase;
			buildActionMask = 2147483647;
			files = (
				ADEB3D8827B62E6E00C49B81 /* Project1UITestsLaunchTests.swift in Sources */,
				ADEB3D8627B62E6E00C49B81 /* Project1UITests.swift in Sources */,
			);
			runOnlyForDeploymentPostprocessing = 0;
		};
/* End PBXSourcesBuildPhase section */

/* Begin PBXTargetDependency section */
		ADEB3D7927B62E6E00C49B81 /* PBXTargetDependency */ = {
			isa = PBXTargetDependency;
			target = ADEB3D6027B62E6C00C49B81 /* Project1 */;
			targetProxy = ADEB3D7827B62E6E00C49B81 /* PBXContainerItemProxy */;
		};
		ADEB3D8327B62E6E00C49B81 /* PBXTargetDependency */ = {
			isa = PBXTargetDependency;
			target = ADEB3D6027B62E6C00C49B81 /* Project1 */;
			targetProxy = ADEB3D8227B62E6E00C49B81 /* PBXContainerItemProxy */;
		};
/* End PBXTargetDependency section */

/* Begin PBXVariantGroup section */
		ADEB3D6A27B62E6C00C49B81 /* Main.storyboard */ = {
			isa = PBXVariantGroup;
			children = (
				ADEB3D6B27B62E6C00C49B81 /* Base */,
			);
			name = Main.storyboard;
			sourceTree = "<group>";
		};
		ADEB3D6F27B62E6D00C49B81 /* LaunchScreen.storyboard */ = {
			isa = PBXVariantGroup;
			children = (
				ADEB3D7027B62E6D00C49B81 /* Base */,
			);
			name = LaunchScreen.storyboard;
			sourceTree = "<group>";
		};
/* End PBXVariantGroup section */

/* Begin XCBuildConfiguration section */
		ADEB3D8927B62E6E00C49B81 /* Debug */ = {
			isa = XCBuildConfiguration;
			buildSettings = {
				ALWAYS_SEARCH_USER_PATHS = NO;
				CLANG_ANALYZER_NONNULL = YES;
				CLANG_ANALYZER_NUMBER_OBJECT_CONVERSION = YES_AGGRESSIVE;
				CLANG_CXX_LANGUAGE_STANDARD = "gnu++17";
				CLANG_CXX_LIBRARY = "libc++";
				CLANG_ENABLE_MODULES = YES;
				CLANG_ENABLE_OBJC_ARC = YES;
				CLANG_ENABLE_OBJC_WEAK = YES;
				CLANG_WARN_BLOCK_CAPTURE_AUTORELEASING = YES;
				CLANG_WARN_BOOL_CONVERSION = YES;
				CLANG_WARN_COMMA = YES;
				CLANG_WARN_CONSTANT_CONVERSION = YES;
				CLANG_WARN_DEPRECATED_OBJC_IMPLEMENTATIONS = YES;
				CLANG_WARN_DIRECT_OBJC_ISA_USAGE = YES_ERROR;
				CLANG_WARN_DOCUMENTATION_COMMENTS = YES;
				CLANG_WARN_EMPTY_BODY = YES;
				CLANG_WARN_ENUM_CONVERSION = YES;
				CLANG_WARN_INFINITE_RECURSION = YES;
				CLANG_WARN_INT_CONVERSION = YES;
				CLANG_WARN_NON_LITERAL_NULL_CONVERSION = YES;
				CLANG_WARN_OBJC_IMPLICIT_RETAIN_SELF = YES;
				CLANG_WARN_OBJC_LITERAL_CONVERSION = YES;
				CLANG_WARN_OBJC_ROOT_CLASS = YES_ERROR;
				CLANG_WARN_QUOTED_INCLUDE_IN_FRAMEWORK_HEADER = YES;
				CLANG_WARN_RANGE_LOOP_ANALYSIS = YES;
				CLANG_WARN_STRICT_PROTOTYPES = YES;
				CLANG_WARN_SUSPICIOUS_MOVE = YES;
				CLANG_WARN_UNGUARDED_AVAILABILITY = YES_AGGRESSIVE;
				CLANG_WARN_UNREACHABLE_CODE = YES;
				CLANG_WARN__DUPLICATE_METHOD_MATCH = YES;
				COPY_PHASE_STRIP = NO;
				DEBUG_INFORMATION_FORMAT = dwarf;
				ENABLE_STRICT_OBJC_MSGSEND = YES;
				ENABLE_TESTABILITY = YES;
				GCC_C_LANGUAGE_STANDARD = gnu11;
				GCC_DYNAMIC_NO_PIC = NO;
				GCC_NO_COMMON_BLOCKS = YES;
				GCC_OPTIMIZATION_LEVEL = 0;
				GCC_PREPROCESSOR_DEFINITIONS = (
					"DEBUG=1",
					"$(inherited)",
				);
				GCC_WARN_64_TO_32_BIT_CONVERSION = YES;
				GCC_WARN_ABOUT_RETURN_TYPE = YES_ERROR;
				GCC_WARN_UNDECLARED_SELECTOR = YES;
				GCC_WARN_UNINITIALIZED_AUTOS = YES_AGGRESSIVE;
				GCC_WARN_UNUSED_FUNCTION = YES;
				GCC_WARN_UNUSED_VARIABLE = YES;
				IPHONEOS_DEPLOYMENT_TARGET = 15.2;
				MTL_ENABLE_DEBUG_INFO = INCLUDE_SOURCE;
				MTL_FAST_MATH = YES;
				ONLY_ACTIVE_ARCH = YES;
				SDKROOT = iphoneos;
				SWIFT_ACTIVE_COMPILATION_CONDITIONS = DEBUG;
				SWIFT_OPTIMIZATION_LEVEL = "-Onone";
			};
			name = Debug;
		};
		ADEB3D8A27B62E6E00C49B81 /* Release */ = {
			isa = XCBuildConfiguration;
			buildSettings = {
				ALWAYS_SEARCH_USER_PATHS = NO;
				CLANG_ANALYZER_NONNULL = YES;
				CLANG_ANALYZER_NUMBER_OBJECT_CONVERSION = YES_AGGRESSIVE;
				CLANG_CXX_LANGUAGE_STANDARD = "gnu++17";
				CLANG_CXX_LIBRARY = "libc++";
				CLANG_ENABLE_MODULES = YES;
				CLANG_ENABLE_OBJC_ARC = YES;
				CLANG_ENABLE_OBJC_WEAK = YES;
				CLANG_WARN_BLOCK_CAPTURE_AUTORELEASING = YES;
				CLANG_WARN_BOOL_CONVERSION = YES;
				CLANG_WARN_COMMA = YES;
				CLANG_WARN_CONSTANT_CONVERSION = YES;
				CLANG_WARN_DEPRECATED_OBJC_IMPLEMENTATIONS = YES;
				CLANG_WARN_DIRECT_OBJC_ISA_USAGE = YES_ERROR;
				CLANG_WARN_DOCUMENTATION_COMMENTS = YES;
				CLANG_WARN_EMPTY_BODY = YES;
				CLANG_WARN_ENUM_CONVERSION = YES;
				CLANG_WARN_INFINITE_RECURSION = YES;
				CLANG_WARN_INT_CONVERSION = YES;
				CLANG_WARN_NON_LITERAL_NULL_CONVERSION = YES;
				CLANG_WARN_OBJC_IMPLICIT_RETAIN_SELF = YES;
				CLANG_WARN_OBJC_LITERAL_CONVERSION = YES;
				CLANG_WARN_OBJC_ROOT_CLASS = YES_ERROR;
				CLANG_WARN_QUOTED_INCLUDE_IN_FRAMEWORK_HEADER = YES;
				CLANG_WARN_RANGE_LOOP_ANALYSIS = YES;
				CLANG_WARN_STRICT_PROTOTYPES = YES;
				CLANG_WARN_SUSPICIOUS_MOVE = YES;
				CLANG_WARN_UNGUARDED_AVAILABILITY = YES_AGGRESSIVE;
				CLANG_WARN_UNREACHABLE_CODE = YES;
				CLANG_WARN__DUPLICATE_METHOD_MATCH = YES;
				COPY_PHASE_STRIP = NO;
				DEBUG_INFORMATION_FORMAT = "dwarf-with-dsym";
				ENABLE_NS_ASSERTIONS = NO;
				ENABLE_STRICT_OBJC_MSGSEND = YES;
				GCC_C_LANGUAGE_STANDARD = gnu11;
				GCC_NO_COMMON_BLOCKS = YES;
				GCC_WARN_64_TO_32_BIT_CONVERSION = YES;
				GCC_WARN_ABOUT_RETURN_TYPE = YES_ERROR;
				GCC_WARN_UNDECLARED_SELECTOR = YES;
				GCC_WARN_UNINITIALIZED_AUTOS = YES_AGGRESSIVE;
				GCC_WARN_UNUSED_FUNCTION = YES;
				GCC_WARN_UNUSED_VARIABLE = YES;
				IPHONEOS_DEPLOYMENT_TARGET = 15.2;
				MTL_ENABLE_DEBUG_INFO = NO;
				MTL_FAST_MATH = YES;
				SDKROOT = iphoneos;
				SWIFT_COMPILATION_MODE = wholemodule;
				SWIFT_OPTIMIZATION_LEVEL = "-O";
				VALIDATE_PRODUCT = YES;
			};
			name = Release;
		};
		ADEB3D8C27B62E6E00C49B81 /* Debug */ = {
			isa = XCBuildConfiguration;
			buildSettings = {
				ASSETCATALOG_COMPILER_APPICON_NAME = AppIcon;
				ASSETCATALOG_COMPILER_GLOBAL_ACCENT_COLOR_NAME = AccentColor;
				CODE_SIGN_STYLE = Automatic;
				CURRENT_PROJECT_VERSION = 1;
				GENERATE_INFOPLIST_FILE = YES;
				INFOPLIST_FILE = Project1/Info.plist;
				INFOPLIST_KEY_UIApplicationSupportsIndirectInputEvents = YES;
				INFOPLIST_KEY_UILaunchStoryboardName = LaunchScreen;
				INFOPLIST_KEY_UIMainStoryboardFile = Main;
				INFOPLIST_KEY_UISupportedInterfaceOrientations_iPad = "UIInterfaceOrientationPortrait UIInterfaceOrientationPortraitUpsideDown UIInterfaceOrientationLandscapeLeft UIInterfaceOrientationLandscapeRight";
				INFOPLIST_KEY_UISupportedInterfaceOrientations_iPhone = "UIInterfaceOrientationPortrait UIInterfaceOrientationLandscapeLeft UIInterfaceOrientationLandscapeRight";
				LD_RUNPATH_SEARCH_PATHS = (
					"$(inherited)",
					"@executable_path/Frameworks",
				);
				MARKETING_VERSION = 1.0;
				PRODUCT_BUNDLE_IDENTIFIER = com.chandana.Project1;
				PRODUCT_NAME = "$(TARGET_NAME)";
				SWIFT_EMIT_LOC_STRINGS = YES;
				SWIFT_VERSION = 5.0;
				TARGETED_DEVICE_FAMILY = "1,2";
			};
			name = Debug;
		};
		ADEB3D8D27B62E6E00C49B81 /* Release */ = {
			isa = XCBuildConfiguration;
			buildSettings = {
				ASSETCATALOG_COMPILER_APPICON_NAME = AppIcon;
				ASSETCATALOG_COMPILER_GLOBAL_ACCENT_COLOR_NAME = AccentColor;
				CODE_SIGN_STYLE = Automatic;
				CURRENT_PROJECT_VERSION = 1;
				GENERATE_INFOPLIST_FILE = YES;
				INFOPLIST_FILE = Project1/Info.plist;
				INFOPLIST_KEY_UIApplicationSupportsIndirectInputEvents = YES;
				INFOPLIST_KEY_UILaunchStoryboardName = LaunchScreen;
				INFOPLIST_KEY_UIMainStoryboardFile = Main;
				INFOPLIST_KEY_UISupportedInterfaceOrientations_iPad = "UIInterfaceOrientationPortrait UIInterfaceOrientationPortraitUpsideDown UIInterfaceOrientationLandscapeLeft UIInterfaceOrientationLandscapeRight";
				INFOPLIST_KEY_UISupportedInterfaceOrientations_iPhone = "UIInterfaceOrientationPortrait UIInterfaceOrientationLandscapeLeft UIInterfaceOrientationLandscapeRight";
				LD_RUNPATH_SEARCH_PATHS = (
					"$(inherited)",
					"@executable_path/Frameworks",
				);
				MARKETING_VERSION = 1.0;
				PRODUCT_BUNDLE_IDENTIFIER = com.chandana.Project1;
				PRODUCT_NAME = "$(TARGET_NAME)";
				SWIFT_EMIT_LOC_STRINGS = YES;
				SWIFT_VERSION = 5.0;
				TARGETED_DEVICE_FAMILY = "1,2";
			};
			name = Release;
		};
		ADEB3D8F27B62E6E00C49B81 /* Debug */ = {
			isa = XCBuildConfiguration;
			buildSettings = {
				ALWAYS_EMBED_SWIFT_STANDARD_LIBRARIES = YES;
				BUNDLE_LOADER = "$(TEST_HOST)";
				CODE_SIGN_STYLE = Automatic;
				CURRENT_PROJECT_VERSION = 1;
				GENERATE_INFOPLIST_FILE = YES;
				IPHONEOS_DEPLOYMENT_TARGET = 15.2;
				MARKETING_VERSION = 1.0;
				PRODUCT_BUNDLE_IDENTIFIER = com.chandana.Project1Tests;
				PRODUCT_NAME = "$(TARGET_NAME)";
				SWIFT_EMIT_LOC_STRINGS = NO;
				SWIFT_VERSION = 5.0;
				TARGETED_DEVICE_FAMILY = "1,2";
				TEST_HOST = "$(BUILT_PRODUCTS_DIR)/Project1.app/Project1";
			};
			name = Debug;
		};
		ADEB3D9027B62E6E00C49B81 /* Release */ = {
			isa = XCBuildConfiguration;
			buildSettings = {
				ALWAYS_EMBED_SWIFT_STANDARD_LIBRARIES = YES;
				BUNDLE_LOADER = "$(TEST_HOST)";
				CODE_SIGN_STYLE = Automatic;
				CURRENT_PROJECT_VERSION = 1;
				GENERATE_INFOPLIST_FILE = YES;
				IPHONEOS_DEPLOYMENT_TARGET = 15.2;
				MARKETING_VERSION = 1.0;
				PRODUCT_BUNDLE_IDENTIFIER = com.chandana.Project1Tests;
				PRODUCT_NAME = "$(TARGET_NAME)";
				SWIFT_EMIT_LOC_STRINGS = NO;
				SWIFT_VERSION = 5.0;
				TARGETED_DEVICE_FAMILY = "1,2";
				TEST_HOST = "$(BUILT_PRODUCTS_DIR)/Project1.app/Project1";
			};
			name = Release;
		};
		ADEB3D9227B62E6E00C49B81 /* Debug */ = {
			isa = XCBuildConfiguration;
			buildSettings = {
				ALWAYS_EMBED_SWIFT_STANDARD_LIBRARIES = YES;
				CODE_SIGN_STYLE = Automatic;
				CURRENT_PROJECT_VERSION = 1;
				GENERATE_INFOPLIST_FILE = YES;
				MARKETING_VERSION = 1.0;
				PRODUCT_BUNDLE_IDENTIFIER = com.chandana.Project1UITests;
				PRODUCT_NAME = "$(TARGET_NAME)";
				SWIFT_EMIT_LOC_STRINGS = NO;
				SWIFT_VERSION = 5.0;
				TARGETED_DEVICE_FAMILY = "1,2";
				TEST_TARGET_NAME = Project1;
			};
			name = Debug;
		};
		ADEB3D9327B62E6E00C49B81 /* Release */ = {
			isa = XCBuildConfiguration;
			buildSettings = {
				ALWAYS_EMBED_SWIFT_STANDARD_LIBRARIES = YES;
				CODE_SIGN_STYLE = Automatic;
				CURRENT_PROJECT_VERSION = 1;
				GENERATE_INFOPLIST_FILE = YES;
				MARKETING_VERSION = 1.0;
				PRODUCT_BUNDLE_IDENTIFIER = com.chandana.Project1UITests;
				PRODUCT_NAME = "$(TARGET_NAME)";
				SWIFT_EMIT_LOC_STRINGS = NO;
				SWIFT_VERSION = 5.0;
				TARGETED_DEVICE_FAMILY = "1,2";
				TEST_TARGET_NAME = Project1;
			};
			name = Release;
		};
/* End XCBuildConfiguration section */

/* Begin XCConfigurationList section */
		ADEB3D5C27B62E6C00C49B81 /* Build configuration list for PBXProject "Project1" */ = {
			isa = XCConfigurationList;
			buildConfigurations = (
				ADEB3D8927B62E6E00C49B81 /* Debug */,
				ADEB3D8A27B62E6E00C49B81 /* Release */,
			);
			defaultConfigurationIsVisible = 0;
			defaultConfigurationName = Release;
		};
		ADEB3D8B27B62E6E00C49B81 /* Build configuration list for PBXNativeTarget "Project1" */ = {
			isa = XCConfigurationList;
			buildConfigurations = (
				ADEB3D8C27B62E6E00C49B81 /* Debug */,
				ADEB3D8D27B62E6E00C49B81 /* Release */,
			);
			defaultConfigurationIsVisible = 0;
			defaultConfigurationName = Release;
		};
		ADEB3D8E27B62E6E00C49B81 /* Build configuration list for PBXNativeTarget "Project1Tests" */ = {
			isa = XCConfigurationList;
			buildConfigurations = (
				ADEB3D8F27B62E6E00C49B81 /* Debug */,
				ADEB3D9027B62E6E00C49B81 /* Release */,
			);
			defaultConfigurationIsVisible = 0;
			defaultConfigurationName = Release;
		};
		ADEB3D9127B62E6E00C49B81 /* Build configuration list for PBXNativeTarget "Project1UITests" */ = {
			isa = XCConfigurationList;
			buildConfigurations = (
				ADEB3D9227B62E6E00C49B81 /* Debug */,
				ADEB3D9327B62E6E00C49B81 /* Release */,
			);
			defaultConfigurationIsVisible = 0;
			defaultConfigurationName = Release;
		};
/* End XCConfigurationList section */
	};
	rootObject = ADEB3D5927B62E6C00C49B81 /* Project object */;
}
